
Microsoft Visual Studio Solution File, Format Version 12.00
# Visual Studio 14
VisualStudioVersion = 14.0.23107.0
MinimumVisualStudioVersion = 10.0.40219.1
Project("{2150E333-8FDC-42A3-9474-1A3956D46DE8}") = "src", "src", "{7D9D844E-E838-4D31-9F13-3093670DD36D}"
EndProject
Project("{2150E333-8FDC-42A3-9474-1A3956D46DE8}") = "Solution Items", "Solution Items", "{88987146-DCE2-4547-B550-212A1EE9ECBF}"
	ProjectSection(SolutionItems) = preProject
		global.json = global.json
	EndProjectSection
EndProject
Project("{8BB2217D-0F2D-49D1-97BC-3654ED321F3B}") = "Example.StronglyTypeConfiguration", "src\Example.StronglyTypeConfiguration\Example.StronglyTypeConfiguration.xproj", "{27DE0AA1-DF1F-44B4-95B0-E0D8218B6F91}"
EndProject
Global
	GlobalSection(SolutionConfigurationPlatforms) = preSolution
		Debug|Any CPU = Debug|Any CPU
		Release|Any CPU = Release|Any CPU
	EndGlobalSection
	GlobalSection(ProjectConfigurationPlatforms) = postSolution
		{27DE0AA1-DF1F-44B4-95B0-E0D8218B6F91}.Debug|Any CPU.ActiveCfg = Debug|Any CPU
		{27DE0AA1-DF1F-44B4-95B0-E0D8218B6F91}.Debug|Any CPU.Build.0 = Debug|Any CPU
		{27DE0AA1-DF1F-44B4-95B0-E0D8218B6F91}.Release|Any CPU.ActiveCfg = Release|Any CPU
		{27DE0AA1-DF1F-44B4-95B0-E0D8218B6F91}.Release|Any CPU.Build.0 = Release|Any CPU
	EndGlobalSection
	GlobalSection(SolutionProperties) = preSolution
		HideSolutionNode = FALSE
	EndGlobalSection
	GlobalSection(NestedProjects) = preSolution
		{27DE0AA1-DF1F-44B4-95B0-E0D8218B6F91} = {7D9D844E-E838-4D31-9F13-3093670DD36D}
	EndGlobalSection
EndGlobal
